
Microsoft Visual Studio Solution File, Format Version 12.00
# Visual Studio Version 16
VisualStudioVersion = 16.0.29201.188
MinimumVisualStudioVersion = 10.0.40219.1
Project("{9A19103F-16F7-4668-BE54-9A1E7A4F7556}") = "Sniply", "Sniply.csproj", "{2A9872FC-D208-4212-9D9D-9C62D2492DE9}"
EndProject
Project("{FAE04EC0-301F-11D3-BF4B-00C04F79EFBC}") = "SniplyLib", "..\SniplyLib\SniplyLib.csproj", "{41D35C5F-2268-4CF1-8925-8122EE8F8F06}"
EndProject
Global
	GlobalSection(SolutionConfigurationPlatforms) = preSolution
		Debug|Any CPU = Debug|Any CPU
		Release|Any CPU = Release|Any CPU
	EndGlobalSection
	GlobalSection(ProjectConfigurationPlatforms) = postSolution
		{2A9872FC-D208-4212-9D9D-9C62D2492DE9}.Debug|Any CPU.ActiveCfg = Debug|Any CPU
		{2A9872FC-D208-4212-9D9D-9C62D2492DE9}.Debug|Any CPU.Build.0 = Debug|Any CPU
		{2A9872FC-D208-4212-9D9D-9C62D2492DE9}.Release|Any CPU.ActiveCfg = Release|Any CPU
		{2A9872FC-D208-4212-9D9D-9C62D2492DE9}.Release|Any CPU.Build.0 = Release|Any CPU
		{41D35C5F-2268-4CF1-8925-8122EE8F8F06}.Debug|Any CPU.ActiveCfg = Debug|Any CPU
		{41D35C5F-2268-4CF1-8925-8122EE8F8F06}.Debug|Any CPU.Build.0 = Debug|Any CPU
		{41D35C5F-2268-4CF1-8925-8122EE8F8F06}.Release|Any CPU.ActiveCfg = Release|Any CPU
		{41D35C5F-2268-4CF1-8925-8122EE8F8F06}.Release|Any CPU.Build.0 = Release|Any CPU
	EndGlobalSection
	GlobalSection(SolutionProperties) = preSolution
		HideSolutionNode = FALSE
	EndGlobalSection
	GlobalSection(ExtensibilityGlobals) = postSolution
		SolutionGuid = {97231D19-BDAF-41A8-8589-AC8A7EDCF7BC}
	EndGlobalSection
EndGlobal
